
Microsoft Visual Studio Solution File, Format Version 12.00
# Visual Studio Version 16
VisualStudioVersion = 25.0.1705.4
MinimumVisualStudioVersion = 10.0.40219.1
Project("{FAE04EC0-301F-11D3-BF4B-00C04F79EFBC}") = "play-app", "play-app\play-app.csproj", "{CFEB0862-4235-43F4-BC68-A1C2E822F6A0}"
EndProject
Global
	GlobalSection(SolutionConfigurationPlatforms) = preSolution
		Debug|Any CPU = Debug|Any CPU
		Release|Any CPU = Release|Any CPU
	EndGlobalSection
	GlobalSection(ProjectConfigurationPlatforms) = postSolution
		{CFEB0862-4235-43F4-BC68-A1C2E822F6A0}.Debug|Any CPU.ActiveCfg = Debug|Any CPU
		{CFEB0862-4235-43F4-BC68-A1C2E822F6A0}.Debug|Any CPU.Build.0 = Debug|Any CPU
		{CFEB0862-4235-43F4-BC68-A1C2E822F6A0}.Release|Any CPU.ActiveCfg = Release|Any CPU
		{CFEB0862-4235-43F4-BC68-A1C2E822F6A0}.Release|Any CPU.Build.0 = Release|Any CPU
	EndGlobalSection
	GlobalSection(SolutionProperties) = preSolution
		HideSolutionNode = FALSE
	EndGlobalSection
	GlobalSection(ExtensibilityGlobals) = postSolution
		SolutionGuid = {A038851B-D9CA-4654-BBE6-B76D2BE01CCF}
	EndGlobalSection
EndGlobal
